
Microsoft Visual Studio Solution File, Format Version 12.00
# Visual Studio 15
VisualStudioVersion = 15.0.28307.136
MinimumVisualStudioVersion = 10.0.40219.1
Project("{FAE04EC0-301F-11D3-BF4B-00C04F79EFBC}") = "VentasCatalogos", "VentasCatalogos\VentasCatalogos.csproj", "{86E1ACFF-88A8-491E-B71E-866CC6BDEE20}"
EndProject
Project("{FAE04EC0-301F-11D3-BF4B-00C04F79EFBC}") = "DomainEntities", "DomainEntities\DomainEntities.csproj", "{FD178F97-2D7A-442F-B66A-940B31F08ADB}"
EndProject
Project("{FAE04EC0-301F-11D3-BF4B-00C04F79EFBC}") = "Business", "Business\Business.csproj", "{BFE7026B-7759-42F5-85B8-A71C5CBB5B5A}"
EndProject
Project("{FAE04EC0-301F-11D3-BF4B-00C04F79EFBC}") = "DataAccess", "DataAccess\DataAccess.csproj", "{11952E5F-C1EF-433E-B1B2-35BE955CDCCD}"
EndProject
Project("{FAE04EC0-301F-11D3-BF4B-00C04F79EFBC}") = "VentasCatalogosAPI", "VentasCatalogosAPI\VentasCatalogosAPI.csproj", "{4E58D36E-D801-49E9-82E6-E3EB35C092BC}"
EndProject
Global
	GlobalSection(SolutionConfigurationPlatforms) = preSolution
		Debug|Any CPU = Debug|Any CPU
		Release|Any CPU = Release|Any CPU
	EndGlobalSection
	GlobalSection(ProjectConfigurationPlatforms) = postSolution
		{86E1ACFF-88A8-491E-B71E-866CC6BDEE20}.Debug|Any CPU.ActiveCfg = Debug|Any CPU
		{86E1ACFF-88A8-491E-B71E-866CC6BDEE20}.Debug|Any CPU.Build.0 = Debug|Any CPU
		{86E1ACFF-88A8-491E-B71E-866CC6BDEE20}.Release|Any CPU.ActiveCfg = Release|Any CPU
		{86E1ACFF-88A8-491E-B71E-866CC6BDEE20}.Release|Any CPU.Build.0 = Release|Any CPU
		{FD178F97-2D7A-442F-B66A-940B31F08ADB}.Debug|Any CPU.ActiveCfg = Debug|Any CPU
		{FD178F97-2D7A-442F-B66A-940B31F08ADB}.Debug|Any CPU.Build.0 = Debug|Any CPU
		{FD178F97-2D7A-442F-B66A-940B31F08ADB}.Release|Any CPU.ActiveCfg = Release|Any CPU
		{FD178F97-2D7A-442F-B66A-940B31F08ADB}.Release|Any CPU.Build.0 = Release|Any CPU
		{BFE7026B-7759-42F5-85B8-A71C5CBB5B5A}.Debug|Any CPU.ActiveCfg = Debug|Any CPU
		{BFE7026B-7759-42F5-85B8-A71C5CBB5B5A}.Debug|Any CPU.Build.0 = Debug|Any CPU
		{BFE7026B-7759-42F5-85B8-A71C5CBB5B5A}.Release|Any CPU.ActiveCfg = Release|Any CPU
		{BFE7026B-7759-42F5-85B8-A71C5CBB5B5A}.Release|Any CPU.Build.0 = Release|Any CPU
		{11952E5F-C1EF-433E-B1B2-35BE955CDCCD}.Debug|Any CPU.ActiveCfg = Debug|Any CPU
		{11952E5F-C1EF-433E-B1B2-35BE955CDCCD}.Debug|Any CPU.Build.0 = Debug|Any CPU
		{11952E5F-C1EF-433E-B1B2-35BE955CDCCD}.Release|Any CPU.ActiveCfg = Release|Any CPU
		{11952E5F-C1EF-433E-B1B2-35BE955CDCCD}.Release|Any CPU.Build.0 = Release|Any CPU
		{4E58D36E-D801-49E9-82E6-E3EB35C092BC}.Debug|Any CPU.ActiveCfg = Debug|Any CPU
		{4E58D36E-D801-49E9-82E6-E3EB35C092BC}.Debug|Any CPU.Build.0 = Debug|Any CPU
		{4E58D36E-D801-49E9-82E6-E3EB35C092BC}.Release|Any CPU.ActiveCfg = Release|Any CPU
		{4E58D36E-D801-49E9-82E6-E3EB35C092BC}.Release|Any CPU.Build.0 = Release|Any CPU
	EndGlobalSection
	GlobalSection(SolutionProperties) = preSolution
		HideSolutionNode = FALSE
	EndGlobalSection
	GlobalSection(ExtensibilityGlobals) = postSolution
		SolutionGuid = {CDDB660E-C851-471D-8E69-6A540BECF469}
	EndGlobalSection
EndGlobal
